// !$*UTF8*$!
{
	archiveVersion = 1;
	classes = {
	};
	objectVersion = 46;
	objects = {

/* Begin PBXBuildFile section */
		091CE3B21E48A5F90036A6A3 /* main.m in Sources */ = {isa = PBXBuildFile; fileRef = 091CE3B11E48A5F90036A6A3 /* main.m */; };
		091CE3B51E48A5F90036A6A3 /* AppDelegate.m in Sources */ = {isa = PBXBuildFile; fileRef = 091CE3B41E48A5F90036A6A3 /* AppDelegate.m */; };
		091CE3B81E48A5F90036A6A3 /* ViewController.m in Sources */ = {isa = PBXBuildFile; fileRef = 091CE3B71E48A5F90036A6A3 /* ViewController.m */; };
		091CE3BB1E48A5F90036A6A3 /* Main.storyboard in Resources */ = {isa = PBXBuildFile; fileRef = 091CE3B91E48A5F90036A6A3 /* Main.storyboard */; };
		091CE3BD1E48A5F90036A6A3 /* Assets.xcassets in Resources */ = {isa = PBXBuildFile; fileRef = 091CE3BC1E48A5F90036A6A3 /* Assets.xcassets */; };
		091CE3C01E48A5F90036A6A3 /* LaunchScreen.storyboard in Resources */ = {isa = PBXBuildFile; fileRef = 091CE3BE1E48A5F90036A6A3 /* LaunchScreen.storyboard */; };
		091CE3CA1E48A66C0036A6A3 /* UIViewController+Behaviors.m in Sources */ = {isa = PBXBuildFile; fileRef = 091CE3C91E48A66C0036A6A3 /* UIViewController+Behaviors.m */; };
		091CE3CF1E48A8E10036A6A3 /* HideNavigationBarBehavior.m in Sources */ = {isa = PBXBuildFile; fileRef = 091CE3CE1E48A8E10036A6A3 /* HideNavigationBarBehavior.m */; };
		091CE3D21E48ABFA0036A6A3 /* LifecycleBehaviorViewController.m in Sources */ = {isa = PBXBuildFile; fileRef = 091CE3D11E48ABFA0036A6A3 /* LifecycleBehaviorViewController.m */; };
/* End PBXBuildFile section */

/* Begin PBXFileReference section */
		091CE3AD1E48A5F90036A6A3 /* ViewControllerBehaviors.app */ = {isa = PBXFileReference; explicitFileType = wrapper.application; includeInIndex = 0; path = ViewControllerBehaviors.app; sourceTree = BUILT_PRODUCTS_DIR; };
		091CE3B11E48A5F90036A6A3 /* main.m */ = {isa = PBXFileReference; lastKnownFileType = sourcecode.c.objc; path = main.m; sourceTree = "<group>"; };
		091CE3B31E48A5F90036A6A3 /* AppDelegate.h */ = {isa = PBXFileReference; lastKnownFileType = sourcecode.c.h; path = AppDelegate.h; sourceTree = "<group>"; };
		091CE3B41E48A5F90036A6A3 /* AppDelegate.m */ = {isa = PBXFileReference; lastKnownFileType = sourcecode.c.objc; path = AppDelegate.m; sourceTree = "<group>"; };
		091CE3B61E48A5F90036A6A3 /* ViewController.h */ = {isa = PBXFileReference; lastKnownFileType = sourcecode.c.h; path = ViewController.h; sourceTree = "<group>"; };
		091CE3B71E48A5F90036A6A3 /* ViewController.m */ = {isa = PBXFileReference; lastKnownFileType = sourcecode.c.objc; path = ViewController.m; sourceTree = "<group>"; };
		091CE3BA1E48A5F90036A6A3 /* Base */ = {isa = PBXFileReference; lastKnownFileType = file.storyboard; name = Base; path = Base.lproj/Main.storyboard; sourceTree = "<group>"; };
		091CE3BC1E48A5F90036A6A3 /* Assets.xcassets */ = {isa = PBXFileReference; lastKnownFileType = folder.assetcatalog; path = Assets.xcassets; sourceTree = "<group>"; };
		091CE3BF1E48A5F90036A6A3 /* Base */ = {isa = PBXFileReference; lastKnownFileType = file.storyboard; name = Base; path = Base.lproj/LaunchScreen.storyboard; sourceTree = "<group>"; };
		091CE3C11E48A5F90036A6A3 /* Info.plist */ = {isa = PBXFileReference; lastKnownFileType = text.plist.xml; path = Info.plist; sourceTree = "<group>"; };
		091CE3C81E48A66C0036A6A3 /* UIViewController+Behaviors.h */ = {isa = PBXFileReference; fileEncoding = 4; lastKnownFileType = sourcecode.c.h; name = "UIViewController+Behaviors.h"; path = "ViewControllerBehaviors/UIViewController+Behaviors.h"; sourceTree = "<group>"; };
		091CE3C91E48A66C0036A6A3 /* UIViewController+Behaviors.m */ = {isa = PBXFileReference; fileEncoding = 4; lastKnownFileType = sourcecode.c.objc; name = "UIViewController+Behaviors.m"; path = "ViewControllerBehaviors/UIViewController+Behaviors.m"; sourceTree = "<group>"; };
		091CE3CC1E48A6D80036A6A3 /* ViewControllerLifecycleBehavior.h */ = {isa = PBXFileReference; fileEncoding = 4; lastKnownFileType = sourcecode.c.h; name = ViewControllerLifecycleBehavior.h; path = ViewControllerBehaviors/ViewControllerLifecycleBehavior.h; sourceTree = "<group>"; };
		091CE3CD1E48A8E10036A6A3 /* HideNavigationBarBehavior.h */ = {isa = PBXFileReference; fileEncoding = 4; lastKnownFileType = sourcecode.c.h; name = HideNavigationBarBehavior.h; path = ViewControllerBehaviors/HideNavigationBarBehavior.h; sourceTree = "<group>"; };
		091CE3CE1E48A8E10036A6A3 /* HideNavigationBarBehavior.m */ = {isa = PBXFileReference; fileEncoding = 4; lastKnownFileType = sourcecode.c.objc; name = HideNavigationBarBehavior.m; path = ViewControllerBehaviors/HideNavigationBarBehavior.m; sourceTree = "<group>"; };
		091CE3D01E48ABFA0036A6A3 /* LifecycleBehaviorViewController.h */ = {isa = PBXFileReference; fileEncoding = 4; lastKnownFileType = sourcecode.c.h; name = LifecycleBehaviorViewController.h; path = ViewControllerBehaviors/LifecycleBehaviorViewController.h; sourceTree = "<group>"; };
		091CE3D11E48ABFA0036A6A3 /* LifecycleBehaviorViewController.m */ = {isa = PBXFileReference; fileEncoding = 4; lastKnownFileType = sourcecode.c.objc; name = LifecycleBehaviorViewController.m; path = ViewControllerBehaviors/LifecycleBehaviorViewController.m; sourceTree = "<group>"; };
/* End PBXFileReference section */

/* Begin PBXFrameworksBuildPhase section */
		091CE3AA1E48A5F90036A6A3 /* Frameworks */ = {
			isa = PBXFrameworksBuildPhase;
			buildActionMask = 2147483647;
			files = (
			);
			runOnlyForDeploymentPostprocessing = 0;
		};
/* End PBXFrameworksBuildPhase section */

/* Begin PBXGroup section */
		091CE3A41E48A5F80036A6A3 = {
			isa = PBXGroup;
			children = (
				091CE3AF1E48A5F90036A6A3 /* ViewControllerBehaviors */,
				091CE3AE1E48A5F90036A6A3 /* Products */,
			);
			sourceTree = "<group>";
		};
		091CE3AE1E48A5F90036A6A3 /* Products */ = {
			isa = PBXGroup;
			children = (
				091CE3AD1E48A5F90036A6A3 /* ViewControllerBehaviors.app */,
			);
			name = Products;
			sourceTree = "<group>";
		};
		091CE3AF1E48A5F90036A6A3 /* ViewControllerBehaviors */ = {
			isa = PBXGroup;
			children = (
				091CE3B31E48A5F90036A6A3 /* AppDelegate.h */,
				091CE3B41E48A5F90036A6A3 /* AppDelegate.m */,
				091CE3B61E48A5F90036A6A3 /* ViewController.h */,
				091CE3B71E48A5F90036A6A3 /* ViewController.m */,
				091CE3CB1E48A6B20036A6A3 /* ViewControllerBehaviors */,
				091CE3B91E48A5F90036A6A3 /* Main.storyboard */,
				091CE3BC1E48A5F90036A6A3 /* Assets.xcassets */,
				091CE3BE1E48A5F90036A6A3 /* LaunchScreen.storyboard */,
				091CE3C11E48A5F90036A6A3 /* Info.plist */,
				091CE3B01E48A5F90036A6A3 /* Supporting Files */,
			);
			path = ViewControllerBehaviors;
			sourceTree = "<group>";
		};
		091CE3B01E48A5F90036A6A3 /* Supporting Files */ = {
			isa = PBXGroup;
			children = (
				091CE3B11E48A5F90036A6A3 /* main.m */,
			);
			name = "Supporting Files";
			sourceTree = "<group>";
		};
		091CE3CB1E48A6B20036A6A3 /* ViewControllerBehaviors */ = {
			isa = PBXGroup;
			children = (
				091CE3CC1E48A6D80036A6A3 /* ViewControllerLifecycleBehavior.h */,
				091CE3CD1E48A8E10036A6A3 /* HideNavigationBarBehavior.h */,
				091CE3CE1E48A8E10036A6A3 /* HideNavigationBarBehavior.m */,
				091CE3C81E48A66C0036A6A3 /* UIViewController+Behaviors.h */,
				091CE3C91E48A66C0036A6A3 /* UIViewController+Behaviors.m */,
				091CE3D01E48ABFA0036A6A3 /* LifecycleBehaviorViewController.h */,
				091CE3D11E48ABFA0036A6A3 /* LifecycleBehaviorViewController.m */,
			);
			name = ViewControllerBehaviors;
			sourceTree = "<group>";
		};
/* End PBXGroup section */

/* Begin PBXNativeTarget section */
		091CE3AC1E48A5F90036A6A3 /* ViewControllerBehaviors */ = {
			isa = PBXNativeTarget;
			buildConfigurationList = 091CE3C41E48A5F90036A6A3 /* Build configuration list for PBXNativeTarget "ViewControllerBehaviors" */;
			buildPhases = (
				091CE3A91E48A5F90036A6A3 /* Sources */,
				091CE3AA1E48A5F90036A6A3 /* Frameworks */,
				091CE3AB1E48A5F90036A6A3 /* Resources */,
			);
			buildRules = (
			);
			dependencies = (
			);
			name = ViewControllerBehaviors;
			productName = ViewControllerBehaviors;
			productReference = 091CE3AD1E48A5F90036A6A3 /* ViewControllerBehaviors.app */;
			productType = "com.apple.product-type.application";
		};
/* End PBXNativeTarget section */

/* Begin PBXProject section */
		091CE3A51E48A5F80036A6A3 /* Project object */ = {
			isa = PBXProject;
			attributes = {
				LastUpgradeCheck = 0800;
				ORGANIZATIONNAME = DIO;
				TargetAttributes = {
					091CE3AC1E48A5F90036A6A3 = {
						CreatedOnToolsVersion = 8.0;
						DevelopmentTeam = 9684X3D2N4;
						ProvisioningStyle = Automatic;
					};
				};
			};
			buildConfigurationList = 091CE3A81E48A5F80036A6A3 /* Build configuration list for PBXProject "ViewControllerBehaviors" */;
			compatibilityVersion = "Xcode 3.2";
			developmentRegion = English;
			hasScannedForEncodings = 0;
			knownRegions = (
				en,
				Base,
			);
			mainGroup = 091CE3A41E48A5F80036A6A3;
			productRefGroup = 091CE3AE1E48A5F90036A6A3 /* Products */;
			projectDirPath = "";
			projectRoot = "";
			targets = (
				091CE3AC1E48A5F90036A6A3 /* ViewControllerBehaviors */,
			);
		};
/* End PBXProject section */

/* Begin PBXResourcesBuildPhase section */
		091CE3AB1E48A5F90036A6A3 /* Resources */ = {
			isa = PBXResourcesBuildPhase;
			buildActionMask = 2147483647;
			files = (
				091CE3C01E48A5F90036A6A3 /* LaunchScreen.storyboard in Resources */,
				091CE3BD1E48A5F90036A6A3 /* Assets.xcassets in Resources */,
				091CE3BB1E48A5F90036A6A3 /* Main.storyboard in Resources */,
			);
			runOnlyForDeploymentPostprocessing = 0;
		};
/* End PBXResourcesBuildPhase section */

/* Begin PBXSourcesBuildPhase section */
		091CE3A91E48A5F90036A6A3 /* Sources */ = {
			isa = PBXSourcesBuildPhase;
			buildActionMask = 2147483647;
			files = (
				091CE3B81E48A5F90036A6A3 /* ViewController.m in Sources */,
				091CE3D21E48ABFA0036A6A3 /* LifecycleBehaviorViewController.m in Sources */,
				091CE3B51E48A5F90036A6A3 /* AppDelegate.m in Sources */,
				091CE3CF1E48A8E10036A6A3 /* HideNavigationBarBehavior.m in Sources */,
				091CE3B21E48A5F90036A6A3 /* main.m in Sources */,
				091CE3CA1E48A66C0036A6A3 /* UIViewController+Behaviors.m in Sources */,
			);
			runOnlyForDeploymentPostprocessing = 0;
		};
/* End PBXSourcesBuildPhase section */

/* Begin PBXVariantGroup section */
		091CE3B91E48A5F90036A6A3 /* Main.storyboard */ = {
			isa = PBXVariantGroup;
			children = (
				091CE3BA1E48A5F90036A6A3 /* Base */,
			);
			name = Main.storyboard;
			sourceTree = "<group>";
		};
		091CE3BE1E48A5F90036A6A3 /* LaunchScreen.storyboard */ = {
			isa = PBXVariantGroup;
			children = (
				091CE3BF1E48A5F90036A6A3 /* Base */,
			);
			name = LaunchScreen.storyboard;
			sourceTree = "<group>";
		};
/* End PBXVariantGroup section */

/* Begin XCBuildConfiguration section */
		091CE3C21E48A5F90036A6A3 /* Debug */ = {
			isa = XCBuildConfiguration;
			buildSettings = {
				ALWAYS_SEARCH_USER_PATHS = NO;
				CLANG_ANALYZER_NONNULL = YES;
				CLANG_CXX_LANGUAGE_STANDARD = "gnu++0x";
				CLANG_CXX_LIBRARY = "libc++";
				CLANG_ENABLE_MODULES = YES;
				CLANG_ENABLE_OBJC_ARC = YES;
				CLANG_WARN_BOOL_CONVERSION = YES;
				CLANG_WARN_CONSTANT_CONVERSION = YES;
				CLANG_WARN_DIRECT_OBJC_ISA_USAGE = YES_ERROR;
				CLANG_WARN_DOCUMENTATION_COMMENTS = YES;
				CLANG_WARN_EMPTY_BODY = YES;
				CLANG_WARN_ENUM_CONVERSION = YES;
				CLANG_WARN_INFINITE_RECURSION = YES;
				CLANG_WARN_INT_CONVERSION = YES;
				CLANG_WARN_OBJC_ROOT_CLASS = YES_ERROR;
				CLANG_WARN_SUSPICIOUS_MOVES = YES;
				CLANG_WARN_UNREACHABLE_CODE = YES;
				CLANG_WARN__DUPLICATE_METHOD_MATCH = YES;
				"CODE_SIGN_IDENTITY[sdk=iphoneos*]" = "iPhone Developer";
				COPY_PHASE_STRIP = NO;
				DEBUG_INFORMATION_FORMAT = dwarf;
				ENABLE_STRICT_OBJC_MSGSEND = YES;
				ENABLE_TESTABILITY = YES;
				GCC_C_LANGUAGE_STANDARD = gnu99;
				GCC_DYNAMIC_NO_PIC = NO;
				GCC_NO_COMMON_BLOCKS = YES;
				GCC_OPTIMIZATION_LEVEL = 0;
				GCC_PREPROCESSOR_DEFINITIONS = (
					"DEBUG=1",
					"$(inherited)",
				);
				GCC_WARN_64_TO_32_BIT_CONVERSION = YES;
				GCC_WARN_ABOUT_RETURN_TYPE = YES_ERROR;
				GCC_WARN_UNDECLARED_SELECTOR = YES;
				GCC_WARN_UNINITIALIZED_AUTOS = YES_AGGRESSIVE;
				GCC_WARN_UNUSED_FUNCTION = YES;
				GCC_WARN_UNUSED_VARIABLE = YES;
				IPHONEOS_DEPLOYMENT_TARGET = 10.0;
				MTL_ENABLE_DEBUG_INFO = YES;
				ONLY_ACTIVE_ARCH = YES;
				SDKROOT = iphoneos;
				TARGETED_DEVICE_FAMILY = "1,2";
			};
			name = Debug;
		};
		091CE3C31E48A5F90036A6A3 /* Release */ = {
			isa = XCBuildConfiguration;
			buildSettings = {
				ALWAYS_SEARCH_USER_PATHS = NO;
				CLANG_ANALYZER_NONNULL = YES;
				CLANG_CXX_LANGUAGE_STANDARD = "gnu++0x";
				CLANG_CXX_LIBRARY = "libc++";
				CLANG_ENABLE_MODULES = YES;
				CLANG_ENABLE_OBJC_ARC = YES;
				CLANG_WARN_BOOL_CONVERSION = YES;
				CLANG_WARN_CONSTANT_CONVERSION = YES;
				CLANG_WARN_DIRECT_OBJC_ISA_USAGE = YES_ERROR;
				CLANG_WARN_DOCUMENTATION_COMMENTS = YES;
				CLANG_WARN_EMPTY_BODY = YES;
				CLANG_WARN_ENUM_CONVERSION = YES;
				CLANG_WARN_INFINITE_RECURSION = YES;
				CLANG_WARN_INT_CONVERSION = YES;
				CLANG_WARN_OBJC_ROOT_CLASS = YES_ERROR;
				CLANG_WARN_SUSPICIOUS_MOVES = YES;
				CLANG_WARN_UNREACHABLE_CODE = YES;
				CLANG_WARN__DUPLICATE_METHOD_MATCH = YES;
				"CODE_SIGN_IDENTITY[sdk=iphoneos*]" = "iPhone Developer";
				COPY_PHASE_STRIP = NO;
				DEBUG_INFORMATION_FORMAT = "dwarf-with-dsym";
				ENABLE_NS_ASSERTIONS = NO;
				ENABLE_STRICT_OBJC_MSGSEND = YES;
				GCC_C_LANGUAGE_STANDARD = gnu99;
				GCC_NO_COMMON_BLOCKS = YES;
				GCC_WARN_64_TO_32_BIT_CONVERSION = YES;
				GCC_WARN_ABOUT_RETURN_TYPE = YES_ERROR;
				GCC_WARN_UNDECLARED_SELECTOR = YES;
				GCC_WARN_UNINITIALIZED_AUTOS = YES_AGGRESSIVE;
				GCC_WARN_UNUSED_FUNCTION = YES;
				GCC_WARN_UNUSED_VARIABLE = YES;
				IPHONEOS_DEPLOYMENT_TARGET = 10.0;
				MTL_ENABLE_DEBUG_INFO = NO;
				SDKROOT = iphoneos;
				TARGETED_DEVICE_FAMILY = "1,2";
				VALIDATE_PRODUCT = YES;
			};
			name = Release;
		};
		091CE3C51E48A5F90036A6A3 /* Debug */ = {
			isa = XCBuildConfiguration;
			buildSettings = {
				ASSETCATALOG_COMPILER_APPICON_NAME = AppIcon;
				DEVELOPMENT_TEAM = 9684X3D2N4;
				INFOPLIST_FILE = ViewControllerBehaviors/Info.plist;
				LD_RUNPATH_SEARCH_PATHS = "$(inherited) @executable_path/Frameworks";
				PRODUCT_BUNDLE_IDENTIFIER = DIO.ViewControllerBehaviors;
				PRODUCT_NAME = "$(TARGET_NAME)";
			};
			name = Debug;
		};
		091CE3C61E48A5F90036A6A3 /* Release */ = {
			isa = XCBuildConfiguration;
			buildSettings = {
				ASSETCATALOG_COMPILER_APPICON_NAME = AppIcon;
				DEVELOPMENT_TEAM = 9684X3D2N4;
				INFOPLIST_FILE = ViewControllerBehaviors/Info.plist;
				LD_RUNPATH_SEARCH_PATHS = "$(inherited) @executable_path/Frameworks";
				PRODUCT_BUNDLE_IDENTIFIER = DIO.ViewControllerBehaviors;
				PRODUCT_NAME = "$(TARGET_NAME)";
			};
			name = Release;
		};
/* End XCBuildConfiguration section */

/* Begin XCConfigurationList section */
		091CE3A81E48A5F80036A6A3 /* Build configuration list for PBXProject "ViewControllerBehaviors" */ = {
			isa = XCConfigurationList;
			buildConfigurations = (
				091CE3C21E48A5F90036A6A3 /* Debug */,
				091CE3C31E48A5F90036A6A3 /* Release */,
			);
			defaultConfigurationIsVisible = 0;
			defaultConfigurationName = Release;
		};
		091CE3C41E48A5F90036A6A3 /* Build configuration list for PBXNativeTarget "ViewControllerBehaviors" */ = {
			isa = XCConfigurationList;
			buildConfigurations = (
				091CE3C51E48A5F90036A6A3 /* Debug */,
				091CE3C61E48A5F90036A6A3 /* Release */,
			);
			defaultConfigurationIsVisible = 0;
		};
/* End XCConfigurationList section */
	};
	rootObject = 091CE3A51E48A5F80036A6A3 /* Project object */;
}
